
Microsoft Visual Studio Solution File, Format Version 12.00
# Visual Studio Version 17
VisualStudioVersion = 17.11.35222.181
MinimumVisualStudioVersion = 10.0.40219.1
Project("{FAE04EC0-301F-11D3-BF4B-00C04F79EFBC}") = "MigrantIDForms", "Laba1\MigrantIDForms.csproj", "{2A558048-8694-4608-9861-149C95A8A991}"
EndProject
Project("{9A19103F-16F7-4668-BE54-9A1E7A4F7556}") = "MigrantIDConsole", "Console\MigrantIDConsole.csproj", "{96692383-8EA5-4628-96A9-CFE77FD38EBC}"
EndProject
Project("{FAE04EC0-301F-11D3-BF4B-00C04F79EFBC}") = "Model", "Model\Model.csproj", "{94D4B41F-3885-411E-A612-74EF31780519}"
EndProject
Global
	GlobalSection(SolutionConfigurationPlatforms) = preSolution
		Debug|Any CPU = Debug|Any CPU
		Release|Any CPU = Release|Any CPU
	EndGlobalSection
	GlobalSection(ProjectConfigurationPlatforms) = postSolution
		{2A558048-8694-4608-9861-149C95A8A991}.Debug|Any CPU.ActiveCfg = Debug|Any CPU
		{2A558048-8694-4608-9861-149C95A8A991}.Debug|Any CPU.Build.0 = Debug|Any CPU
		{2A558048-8694-4608-9861-149C95A8A991}.Release|Any CPU.ActiveCfg = Release|Any CPU
		{2A558048-8694-4608-9861-149C95A8A991}.Release|Any CPU.Build.0 = Release|Any CPU
		{96692383-8EA5-4628-96A9-CFE77FD38EBC}.Debug|Any CPU.ActiveCfg = Debug|Any CPU
		{96692383-8EA5-4628-96A9-CFE77FD38EBC}.Debug|Any CPU.Build.0 = Debug|Any CPU
		{96692383-8EA5-4628-96A9-CFE77FD38EBC}.Release|Any CPU.ActiveCfg = Release|Any CPU
		{96692383-8EA5-4628-96A9-CFE77FD38EBC}.Release|Any CPU.Build.0 = Release|Any CPU
		{94D4B41F-3885-411E-A612-74EF31780519}.Debug|Any CPU.ActiveCfg = Debug|Any CPU
		{94D4B41F-3885-411E-A612-74EF31780519}.Debug|Any CPU.Build.0 = Debug|Any CPU
		{94D4B41F-3885-411E-A612-74EF31780519}.Release|Any CPU.ActiveCfg = Release|Any CPU
		{94D4B41F-3885-411E-A612-74EF31780519}.Release|Any CPU.Build.0 = Release|Any CPU
	EndGlobalSection
	GlobalSection(SolutionProperties) = preSolution
		HideSolutionNode = FALSE
	EndGlobalSection
	GlobalSection(ExtensibilityGlobals) = postSolution
		SolutionGuid = {7B9BBA3F-9F19-4529-BF27-C74272E59CBB}
	EndGlobalSection
EndGlobal
